
Microsoft Visual Studio Solution File, Format Version 12.00
# Visual Studio 14
VisualStudioVersion = 14.0.25420.1
MinimumVisualStudioVersion = 10.0.40219.1
Project("{FAE04EC0-301F-11D3-BF4B-00C04F79EFBC}") = "]BET[.Playground.Interop.COM.NET4Callee", "]BET[.Playground.Interop.COM.NET4Callee\]BET[.Playground.Interop.COM.NET4Callee.csproj", "{1E2410F1-8B72-4C29-9DD7-358F5F28298F}"
EndProject
Project("{FAE04EC0-301F-11D3-BF4B-00C04F79EFBC}") = "]BET[.Playground.Interop.COM.NET2Caller", "]BET[.Playground.Interop.COM.NET2Caller\]BET[.Playground.Interop.COM.NET2Caller.csproj", "{054D255E-74DE-456F-9FE0-E19BCFDD6569}"
EndProject
Project("{FAE04EC0-301F-11D3-BF4B-00C04F79EFBC}") = "]BET[.Playground.UnitTests", "]BET[.Playground.UnitTests\]BET[.Playground.UnitTests.csproj", "{E03A8388-F1B1-48DA-9773-8408CC11E0C3}"
EndProject
Project("{FAE04EC0-301F-11D3-BF4B-00C04F79EFBC}") = "]BET[.Playground.Core", "]BET[.Playground.Core\]BET[.Playground.Core.csproj", "{A8D1ED81-E280-4DDA-AB1A-BA4ABE4199D9}"
EndProject
Project("{FAE04EC0-301F-11D3-BF4B-00C04F79EFBC}") = "]BET[.Playground.NET20Core", "]BET[.Playground.NET20Core\]BET[.Playground.NET20Core.csproj", "{8FDB1C26-E4BB-4862-842D-EE454B864809}"
EndProject
Global
	GlobalSection(SolutionConfigurationPlatforms) = preSolution
		Debug|Any CPU = Debug|Any CPU
		Release|Any CPU = Release|Any CPU
	EndGlobalSection
	GlobalSection(ProjectConfigurationPlatforms) = postSolution
		{1E2410F1-8B72-4C29-9DD7-358F5F28298F}.Debug|Any CPU.ActiveCfg = Debug|Any CPU
		{1E2410F1-8B72-4C29-9DD7-358F5F28298F}.Debug|Any CPU.Build.0 = Debug|Any CPU
		{1E2410F1-8B72-4C29-9DD7-358F5F28298F}.Release|Any CPU.ActiveCfg = Release|Any CPU
		{1E2410F1-8B72-4C29-9DD7-358F5F28298F}.Release|Any CPU.Build.0 = Release|Any CPU
		{054D255E-74DE-456F-9FE0-E19BCFDD6569}.Debug|Any CPU.ActiveCfg = Debug|Any CPU
		{054D255E-74DE-456F-9FE0-E19BCFDD6569}.Debug|Any CPU.Build.0 = Debug|Any CPU
		{054D255E-74DE-456F-9FE0-E19BCFDD6569}.Release|Any CPU.ActiveCfg = Release|Any CPU
		{054D255E-74DE-456F-9FE0-E19BCFDD6569}.Release|Any CPU.Build.0 = Release|Any CPU
		{E03A8388-F1B1-48DA-9773-8408CC11E0C3}.Debug|Any CPU.ActiveCfg = Debug|Any CPU
		{E03A8388-F1B1-48DA-9773-8408CC11E0C3}.Debug|Any CPU.Build.0 = Debug|Any CPU
		{E03A8388-F1B1-48DA-9773-8408CC11E0C3}.Release|Any CPU.ActiveCfg = Release|Any CPU
		{E03A8388-F1B1-48DA-9773-8408CC11E0C3}.Release|Any CPU.Build.0 = Release|Any CPU
		{A8D1ED81-E280-4DDA-AB1A-BA4ABE4199D9}.Debug|Any CPU.ActiveCfg = Debug|Any CPU
		{A8D1ED81-E280-4DDA-AB1A-BA4ABE4199D9}.Debug|Any CPU.Build.0 = Debug|Any CPU
		{A8D1ED81-E280-4DDA-AB1A-BA4ABE4199D9}.Release|Any CPU.ActiveCfg = Release|Any CPU
		{A8D1ED81-E280-4DDA-AB1A-BA4ABE4199D9}.Release|Any CPU.Build.0 = Release|Any CPU
		{8FDB1C26-E4BB-4862-842D-EE454B864809}.Debug|Any CPU.ActiveCfg = Debug|Any CPU
		{8FDB1C26-E4BB-4862-842D-EE454B864809}.Debug|Any CPU.Build.0 = Debug|Any CPU
		{8FDB1C26-E4BB-4862-842D-EE454B864809}.Release|Any CPU.ActiveCfg = Release|Any CPU
		{8FDB1C26-E4BB-4862-842D-EE454B864809}.Release|Any CPU.Build.0 = Release|Any CPU
	EndGlobalSection
	GlobalSection(SolutionProperties) = preSolution
		HideSolutionNode = FALSE
	EndGlobalSection
EndGlobal
